{
  "requires": true,
  "lockfileVersion": 1,
  "dependencies": {
    "blob-util": {
      "version": "2.0.2",
      "resolved": "https://registry.npmjs.org/blob-util/-/blob-util-2.0.2.tgz",
      "integrity": "sha512-T7JQa+zsXXEa6/8ZhHcQEW1UFfVM49Ts65uBkFL6fz2QmrElqmbajIDJvuA0tEhRe5eIjpV9ZF+0RfZR9voJFQ=="
    },
    "bootstrap-slider": {
      "version": "10.0.2",
      "resolved": "https://registry.npmjs.org/bootstrap-slider/-/bootstrap-slider-10.0.2.tgz",
      "integrity": "sha1-RC2EKTrqJIoxsaP5dqw3N6c2KmI="
    },
    "desoslide": {
      "version": "2.2.0",
      "resolved": "https://registry.npmjs.org/desoslide/-/desoslide-2.2.0.tgz",
      "integrity": "sha1-Rrf6wNfJkFz1X0l021Ch+opmafo="
    },
    "jquery": {
      "version": "3.3.1",
      "resolved": "https://registry.npmjs.org/jquery/-/jquery-3.3.1.tgz",
      "integrity": "sha512-Ubldcmxp5np52/ENotGxlLe6aGMvmF4R8S6tZjsP6Knsaxd/xp3Zrh50cG93lR6nPXyUFwzN3ZSOQI0wRJNdGg=="
    },
    "jquery-zoom": {
      "version": "1.7.21",
      "resolved": "https://registry.npmjs.org/jquery-zoom/-/jquery-zoom-1.7.21.tgz",
      "integrity": "sha512-C3aDEt0c4TkPrOPqIs5VAOwBMgitf1I7jEakO15G3QfxdVEivBvUlkiCjfcGQM+FyXdvshpbiEJKDbEdPz2/pw==",
      "requires": {
        "jquery": ">=1.7"
      }
    },
    "pretty-checkbox": {
      "version": "3.0.3",
      "resolved": "https://registry.npmjs.org/pretty-checkbox/-/pretty-checkbox-3.0.3.tgz",
      "integrity": "sha1-1JyAE6j8CO4MLW695FNGS/28Qo4="
    },
    "xzoom": {
      "version": "1.0.12",
      "resolved": "https://registry.npmjs.org/xzoom/-/xzoom-1.0.12.tgz",
      "integrity": "sha512-6JJ7d4f467sCC86tpjdzc9+3oPMGfm3R82dyXu26yHAQpWW0VjXvOpETEf4K0+tkp16P5NN/yzH6Ug3+9JVYaw==",
      "requires": {
        "jquery": ">=1.2.6"
      }
    }
  }
}
